
Microsoft Visual Studio Solution File, Format Version 11.00
# Visual Studio 2010
Project("{FAE04EC0-301F-11D3-BF4B-00C04F79EFBC}") = "TestConsoleApp", "TestConsoleApp\TestConsoleApp.csproj", "{AF972E69-4F19-45E1-8717-3120651A99C4}"
EndProject
Project("{FAE04EC0-301F-11D3-BF4B-00C04F79EFBC}") = "Tests.TestConsoleApp", "Tests.TestConsoleApp\Tests.TestConsoleApp.csproj", "{8E5017C7-0378-4B75-A093-CAD91667AB23}"
EndProject
Project("{2150E333-8FDC-42A3-9474-1A3956D46DE8}") = "Solution Items", "Solution Items", "{5E6418E9-9C3C-40DF-A74D-3D31E2774FD5}"
	ProjectSection(SolutionItems) = preProject
		Local.testsettings = Local.testsettings
		TestConsoleApp.vsmdi = TestConsoleApp.vsmdi
		TraceAndTestImpact.testsettings = TraceAndTestImpact.testsettings
	EndProjectSection
EndProject
Global
	GlobalSection(TestCaseManagementSettings) = postSolution
		CategoryFile = TestConsoleApp.vsmdi
	EndGlobalSection
	GlobalSection(SolutionConfigurationPlatforms) = preSolution
		Debug|Any CPU = Debug|Any CPU
		Debug|Mixed Platforms = Debug|Mixed Platforms
		Debug|x86 = Debug|x86
		Release|Any CPU = Release|Any CPU
		Release|Mixed Platforms = Release|Mixed Platforms
		Release|x86 = Release|x86
	EndGlobalSection
	GlobalSection(ProjectConfigurationPlatforms) = postSolution
		{AF972E69-4F19-45E1-8717-3120651A99C4}.Debug|Any CPU.ActiveCfg = Debug|x86
		{AF972E69-4F19-45E1-8717-3120651A99C4}.Debug|Mixed Platforms.ActiveCfg = Debug|x86
		{AF972E69-4F19-45E1-8717-3120651A99C4}.Debug|Mixed Platforms.Build.0 = Debug|x86
		{AF972E69-4F19-45E1-8717-3120651A99C4}.Debug|x86.ActiveCfg = Debug|x86
		{AF972E69-4F19-45E1-8717-3120651A99C4}.Debug|x86.Build.0 = Debug|x86
		{AF972E69-4F19-45E1-8717-3120651A99C4}.Release|Any CPU.ActiveCfg = Release|x86
		{AF972E69-4F19-45E1-8717-3120651A99C4}.Release|Mixed Platforms.ActiveCfg = Release|x86
		{AF972E69-4F19-45E1-8717-3120651A99C4}.Release|Mixed Platforms.Build.0 = Release|x86
		{AF972E69-4F19-45E1-8717-3120651A99C4}.Release|x86.ActiveCfg = Release|x86
		{AF972E69-4F19-45E1-8717-3120651A99C4}.Release|x86.Build.0 = Release|x86
		{8E5017C7-0378-4B75-A093-CAD91667AB23}.Debug|Any CPU.ActiveCfg = Debug|Any CPU
		{8E5017C7-0378-4B75-A093-CAD91667AB23}.Debug|Any CPU.Build.0 = Debug|Any CPU
		{8E5017C7-0378-4B75-A093-CAD91667AB23}.Debug|Mixed Platforms.ActiveCfg = Debug|Any CPU
		{8E5017C7-0378-4B75-A093-CAD91667AB23}.Debug|Mixed Platforms.Build.0 = Debug|Any CPU
		{8E5017C7-0378-4B75-A093-CAD91667AB23}.Debug|x86.ActiveCfg = Debug|Any CPU
		{8E5017C7-0378-4B75-A093-CAD91667AB23}.Release|Any CPU.ActiveCfg = Release|Any CPU
		{8E5017C7-0378-4B75-A093-CAD91667AB23}.Release|Any CPU.Build.0 = Release|Any CPU
		{8E5017C7-0378-4B75-A093-CAD91667AB23}.Release|Mixed Platforms.ActiveCfg = Release|Any CPU
		{8E5017C7-0378-4B75-A093-CAD91667AB23}.Release|Mixed Platforms.Build.0 = Release|Any CPU
		{8E5017C7-0378-4B75-A093-CAD91667AB23}.Release|x86.ActiveCfg = Release|Any CPU
	EndGlobalSection
	GlobalSection(SolutionProperties) = preSolution
		HideSolutionNode = FALSE
	EndGlobalSection
EndGlobal
